// !$*UTF8*$!
{
	archiveVersion = 1;
	classes = {
	};
	objectVersion = 55;
	objects = {

/* Begin PBXBuildFile section */
		1C58C7D027842B3500CC3F50 /* PostListCell.swift in Sources */ = {isa = PBXBuildFile; fileRef = 1C58C7CF27842B3500CC3F50 /* PostListCell.swift */; };
		1C58C7D227842B4C00CC3F50 /* DetailPostView.swift in Sources */ = {isa = PBXBuildFile; fileRef = 1C58C7D127842B4C00CC3F50 /* DetailPostView.swift */; };
		1C58C7D427842B5A00CC3F50 /* PostView.swift in Sources */ = {isa = PBXBuildFile; fileRef = 1C58C7D327842B5A00CC3F50 /* PostView.swift */; };
		1C58C7D627842CE200CC3F50 /* PostListCommentCell.swift in Sources */ = {isa = PBXBuildFile; fileRef = 1C58C7D527842CE200CC3F50 /* PostListCommentCell.swift */; };
		1CC9A7032785C62200914655 /* ProfileCell.swift in Sources */ = {isa = PBXBuildFile; fileRef = 1CC9A7022785C62200914655 /* ProfileCell.swift */; };
		1CC9A7052785C9D200914655 /* CommentListCell.swift in Sources */ = {isa = PBXBuildFile; fileRef = 1CC9A7042785C9D200914655 /* CommentListCell.swift */; };
		1CE8426727827F0E003259A1 /* AppDelegate.swift in Sources */ = {isa = PBXBuildFile; fileRef = 1CE8426627827F0E003259A1 /* AppDelegate.swift */; };
		1CE8426927827F0E003259A1 /* SceneDelegate.swift in Sources */ = {isa = PBXBuildFile; fileRef = 1CE8426827827F0E003259A1 /* SceneDelegate.swift */; };
		1CE8426B27827F0E003259A1 /* LoginViewController.swift in Sources */ = {isa = PBXBuildFile; fileRef = 1CE8426A27827F0E003259A1 /* LoginViewController.swift */; };
		1CE8427027827F0F003259A1 /* Assets.xcassets in Resources */ = {isa = PBXBuildFile; fileRef = 1CE8426F27827F0F003259A1 /* Assets.xcassets */; };
		1CE8427327827F0F003259A1 /* LaunchScreen.storyboard in Resources */ = {isa = PBXBuildFile; fileRef = 1CE8427127827F0F003259A1 /* LaunchScreen.storyboard */; };
		1CE84281278280DE003259A1 /* RegisterViewController.swift in Sources */ = {isa = PBXBuildFile; fileRef = 1CE84280278280DE003259A1 /* RegisterViewController.swift */; };
		1CE8428327828179003259A1 /* PostViewController.swift in Sources */ = {isa = PBXBuildFile; fileRef = 1CE8428227828179003259A1 /* PostViewController.swift */; };
		1CE8428527828180003259A1 /* DetailPostViewController.swift in Sources */ = {isa = PBXBuildFile; fileRef = 1CE8428427828180003259A1 /* DetailPostViewController.swift */; };
		1CE8428727828186003259A1 /* PostListViewController.swift in Sources */ = {isa = PBXBuildFile; fileRef = 1CE8428627828186003259A1 /* PostListViewController.swift */; };
		1CE8428C278281C7003259A1 /* EditCommentViewController.swift in Sources */ = {isa = PBXBuildFile; fileRef = 1CE8428B278281C7003259A1 /* EditCommentViewController.swift */; };
		1CE8428F27828225003259A1 /* APIService.swift in Sources */ = {isa = PBXBuildFile; fileRef = 1CE8428E27828225003259A1 /* APIService.swift */; };
		1CE842912782827D003259A1 /* IntroViewController.swift in Sources */ = {isa = PBXBuildFile; fileRef = 1CE842902782827D003259A1 /* IntroViewController.swift */; };
		1CE842932782829B003259A1 /* BaseViewController.swift in Sources */ = {isa = PBXBuildFile; fileRef = 1CE842922782829B003259A1 /* BaseViewController.swift */; };
		1CE84297278283EC003259A1 /* UIImage++Extension.swift in Sources */ = {isa = PBXBuildFile; fileRef = 1CE84296278283EC003259A1 /* UIImage++Extension.swift */; };
		1CE842992782844C003259A1 /* UIColor++Extension.swift in Sources */ = {isa = PBXBuildFile; fileRef = 1CE842982782844C003259A1 /* UIColor++Extension.swift */; };
		1CE8429C27828672003259A1 /* SnapKit in Frameworks */ = {isa = PBXBuildFile; productRef = 1CE8429B27828672003259A1 /* SnapKit */; };
		1CE842CF2783E4FB003259A1 /* IntroView.swift in Sources */ = {isa = PBXBuildFile; fileRef = 1CE842CE2783E4FB003259A1 /* IntroView.swift */; };
		1CE842D12783E69B003259A1 /* RegisterView.swift in Sources */ = {isa = PBXBuildFile; fileRef = 1CE842D02783E69B003259A1 /* RegisterView.swift */; };
		1CE842D32783E6A2003259A1 /* LoginView.swift in Sources */ = {isa = PBXBuildFile; fileRef = 1CE842D22783E6A2003259A1 /* LoginView.swift */; };
		1CE842D52783EB74003259A1 /* UITextField++Extension.swift in Sources */ = {isa = PBXBuildFile; fileRef = 1CE842D42783EB74003259A1 /* UITextField++Extension.swift */; };
		B994B923667C3CC9126486C4 /* Pods_SproutFARM.framework in Frameworks */ = {isa = PBXBuildFile; fileRef = 04481C657972D5685A994BD4 /* Pods_SproutFARM.framework */; };
/* End PBXBuildFile section */

/* Begin PBXFileReference section */
		04481C657972D5685A994BD4 /* Pods_SproutFARM.framework */ = {isa = PBXFileReference; explicitFileType = wrapper.framework; includeInIndex = 0; path = Pods_SproutFARM.framework; sourceTree = BUILT_PRODUCTS_DIR; };
		072FC6C0C521A503732A7F06 /* Pods-SproutFARM.release.xcconfig */ = {isa = PBXFileReference; includeInIndex = 1; lastKnownFileType = text.xcconfig; name = "Pods-SproutFARM.release.xcconfig"; path = "Target Support Files/Pods-SproutFARM/Pods-SproutFARM.release.xcconfig"; sourceTree = "<group>"; };
		1C58C7CF27842B3500CC3F50 /* PostListCell.swift */ = {isa = PBXFileReference; lastKnownFileType = sourcecode.swift; path = PostListCell.swift; sourceTree = "<group>"; };
		1C58C7D127842B4C00CC3F50 /* DetailPostView.swift */ = {isa = PBXFileReference; lastKnownFileType = sourcecode.swift; path = DetailPostView.swift; sourceTree = "<group>"; };
		1C58C7D327842B5A00CC3F50 /* PostView.swift */ = {isa = PBXFileReference; lastKnownFileType = sourcecode.swift; path = PostView.swift; sourceTree = "<group>"; };
		1C58C7D527842CE200CC3F50 /* PostListCommentCell.swift */ = {isa = PBXFileReference; lastKnownFileType = sourcecode.swift; path = PostListCommentCell.swift; sourceTree = "<group>"; };
		1CC9A7022785C62200914655 /* ProfileCell.swift */ = {isa = PBXFileReference; lastKnownFileType = sourcecode.swift; path = ProfileCell.swift; sourceTree = "<group>"; };
		1CC9A7042785C9D200914655 /* CommentListCell.swift */ = {isa = PBXFileReference; lastKnownFileType = sourcecode.swift; path = CommentListCell.swift; sourceTree = "<group>"; };
		1CE8426327827F0E003259A1 /* SproutFARM.app */ = {isa = PBXFileReference; explicitFileType = wrapper.application; includeInIndex = 0; path = SproutFARM.app; sourceTree = BUILT_PRODUCTS_DIR; };
		1CE8426627827F0E003259A1 /* AppDelegate.swift */ = {isa = PBXFileReference; lastKnownFileType = sourcecode.swift; path = AppDelegate.swift; sourceTree = "<group>"; };
		1CE8426827827F0E003259A1 /* SceneDelegate.swift */ = {isa = PBXFileReference; lastKnownFileType = sourcecode.swift; path = SceneDelegate.swift; sourceTree = "<group>"; };
		1CE8426A27827F0E003259A1 /* LoginViewController.swift */ = {isa = PBXFileReference; lastKnownFileType = sourcecode.swift; path = LoginViewController.swift; sourceTree = "<group>"; };
		1CE8426F27827F0F003259A1 /* Assets.xcassets */ = {isa = PBXFileReference; lastKnownFileType = folder.assetcatalog; path = Assets.xcassets; sourceTree = "<group>"; };
		1CE8427227827F0F003259A1 /* Base */ = {isa = PBXFileReference; lastKnownFileType = file.storyboard; name = Base; path = Base.lproj/LaunchScreen.storyboard; sourceTree = "<group>"; };
		1CE8427427827F0F003259A1 /* Info.plist */ = {isa = PBXFileReference; lastKnownFileType = text.plist.xml; path = Info.plist; sourceTree = "<group>"; };
		1CE84280278280DE003259A1 /* RegisterViewController.swift */ = {isa = PBXFileReference; lastKnownFileType = sourcecode.swift; path = RegisterViewController.swift; sourceTree = "<group>"; };
		1CE8428227828179003259A1 /* PostViewController.swift */ = {isa = PBXFileReference; lastKnownFileType = sourcecode.swift; path = PostViewController.swift; sourceTree = "<group>"; };
		1CE8428427828180003259A1 /* DetailPostViewController.swift */ = {isa = PBXFileReference; lastKnownFileType = sourcecode.swift; path = DetailPostViewController.swift; sourceTree = "<group>"; };
		1CE8428627828186003259A1 /* PostListViewController.swift */ = {isa = PBXFileReference; lastKnownFileType = sourcecode.swift; path = PostListViewController.swift; sourceTree = "<group>"; };
		1CE8428B278281C7003259A1 /* EditCommentViewController.swift */ = {isa = PBXFileReference; lastKnownFileType = sourcecode.swift; path = EditCommentViewController.swift; sourceTree = "<group>"; };
		1CE8428E27828225003259A1 /* APIService.swift */ = {isa = PBXFileReference; lastKnownFileType = sourcecode.swift; path = APIService.swift; sourceTree = "<group>"; };
		1CE842902782827D003259A1 /* IntroViewController.swift */ = {isa = PBXFileReference; lastKnownFileType = sourcecode.swift; path = IntroViewController.swift; sourceTree = "<group>"; };
		1CE842922782829B003259A1 /* BaseViewController.swift */ = {isa = PBXFileReference; lastKnownFileType = sourcecode.swift; path = BaseViewController.swift; sourceTree = "<group>"; };
		1CE84296278283EC003259A1 /* UIImage++Extension.swift */ = {isa = PBXFileReference; lastKnownFileType = sourcecode.swift; path = "UIImage++Extension.swift"; sourceTree = "<group>"; };
		1CE842982782844C003259A1 /* UIColor++Extension.swift */ = {isa = PBXFileReference; lastKnownFileType = sourcecode.swift; path = "UIColor++Extension.swift"; sourceTree = "<group>"; };
		1CE842CE2783E4FB003259A1 /* IntroView.swift */ = {isa = PBXFileReference; lastKnownFileType = sourcecode.swift; path = IntroView.swift; sourceTree = "<group>"; };
		1CE842D02783E69B003259A1 /* RegisterView.swift */ = {isa = PBXFileReference; lastKnownFileType = sourcecode.swift; path = RegisterView.swift; sourceTree = "<group>"; };
		1CE842D22783E6A2003259A1 /* LoginView.swift */ = {isa = PBXFileReference; lastKnownFileType = sourcecode.swift; path = LoginView.swift; sourceTree = "<group>"; };
		1CE842D42783EB74003259A1 /* UITextField++Extension.swift */ = {isa = PBXFileReference; lastKnownFileType = sourcecode.swift; path = "UITextField++Extension.swift"; sourceTree = "<group>"; };
		C502733EC129971EC4D74F0C /* Pods-SproutFARM.debug.xcconfig */ = {isa = PBXFileReference; includeInIndex = 1; lastKnownFileType = text.xcconfig; name = "Pods-SproutFARM.debug.xcconfig"; path = "Target Support Files/Pods-SproutFARM/Pods-SproutFARM.debug.xcconfig"; sourceTree = "<group>"; };
/* End PBXFileReference section */

/* Begin PBXFrameworksBuildPhase section */
		1CE8426027827F0E003259A1 /* Frameworks */ = {
			isa = PBXFrameworksBuildPhase;
			buildActionMask = 2147483647;
			files = (
				1CE8429C27828672003259A1 /* SnapKit in Frameworks */,
				B994B923667C3CC9126486C4 /* Pods_SproutFARM.framework in Frameworks */,
			);
			runOnlyForDeploymentPostprocessing = 0;
		};
/* End PBXFrameworksBuildPhase section */

/* Begin PBXGroup section */
		1CC9A7072785DC5C00914655 /* Views */ = {
			isa = PBXGroup;
			children = (
				1C58C7CF27842B3500CC3F50 /* PostListCell.swift */,
				1C58C7D527842CE200CC3F50 /* PostListCommentCell.swift */,
				1CC9A7022785C62200914655 /* ProfileCell.swift */,
				1CC9A7042785C9D200914655 /* CommentListCell.swift */,
				1C58C7D127842B4C00CC3F50 /* DetailPostView.swift */,
				1C58C7D327842B5A00CC3F50 /* PostView.swift */,
			);
			path = Views;
			sourceTree = "<group>";
		};
		1CC9A7082785DC7000914655 /* Views */ = {
			isa = PBXGroup;
			children = (
			);
			path = Views;
			sourceTree = "<group>";
		};
		1CC9A7092785DC9C00914655 /* Controllers */ = {
			isa = PBXGroup;
			children = (
				1CE842902782827D003259A1 /* IntroViewController.swift */,
				1CE84280278280DE003259A1 /* RegisterViewController.swift */,
				1CE8426A27827F0E003259A1 /* LoginViewController.swift */,
			);
			path = Controllers;
			sourceTree = "<group>";
		};
		1CC9A70A2785DCA400914655 /* Controllers */ = {
			isa = PBXGroup;
			children = (
				1CE8428627828186003259A1 /* PostListViewController.swift */,
				1CE8428427828180003259A1 /* DetailPostViewController.swift */,
				1CE8428227828179003259A1 /* PostViewController.swift */,
			);
			path = Controllers;
			sourceTree = "<group>";
		};
		1CC9A70B2785DCAB00914655 /* Controllers */ = {
			isa = PBXGroup;
			children = (
				1CE8428B278281C7003259A1 /* EditCommentViewController.swift */,
			);
			path = Controllers;
			sourceTree = "<group>";
		};
		1CE8425A27827F0E003259A1 = {
			isa = PBXGroup;
			children = (
				1CE8426527827F0E003259A1 /* SproutFARM */,
				1CE8426427827F0E003259A1 /* Products */,
				DE6F56EAEEFC12092F1C8951 /* Pods */,
				22C4B20C4A82C9C790D8EC6A /* Frameworks */,
			);
			sourceTree = "<group>";
		};
		1CE8426427827F0E003259A1 /* Products */ = {
			isa = PBXGroup;
			children = (
				1CE8426327827F0E003259A1 /* SproutFARM.app */,
			);
			name = Products;
			sourceTree = "<group>";
		};
		1CE8426527827F0E003259A1 /* SproutFARM */ = {
			isa = PBXGroup;
			children = (
				1CE8427D27828079003259A1 /* Resources */,
				1CE8427E2782807F003259A1 /* Sources */,
				1CE8427F27828085003259A1 /* Supporting Files */,
			);
			path = SproutFARM;
			sourceTree = "<group>";
		};
		1CE8427A27828054003259A1 /* Views */ = {
			isa = PBXGroup;
			children = (
				1CE842CE2783E4FB003259A1 /* IntroView.swift */,
				1CE842D02783E69B003259A1 /* RegisterView.swift */,
				1CE842D22783E6A2003259A1 /* LoginView.swift */,
			);
			path = Views;
			sourceTree = "<group>";
		};
		1CE8427B2782806C003259A1 /* ViewModel */ = {
			isa = PBXGroup;
			children = (
			);
			path = ViewModel;
			sourceTree = "<group>";
		};
		1CE8427C27828070003259A1 /* Model */ = {
			isa = PBXGroup;
			children = (
			);
			path = Model;
			sourceTree = "<group>";
		};
		1CE8427D27828079003259A1 /* Resources */ = {
			isa = PBXGroup;
			children = (
				1CE8426F27827F0F003259A1 /* Assets.xcassets */,
				1CE8427127827F0F003259A1 /* LaunchScreen.storyboard */,
			);
			path = Resources;
			sourceTree = "<group>";
		};
		1CE8427E2782807F003259A1 /* Sources */ = {
			isa = PBXGroup;
			children = (
				1CE8426627827F0E003259A1 /* AppDelegate.swift */,
				1CE8426827827F0E003259A1 /* SceneDelegate.swift */,
				1CE842922782829B003259A1 /* BaseViewController.swift */,
				1CE84295278283A4003259A1 /* Extension */,
				1CE842942782839C003259A1 /* Service */,
				1CE8427C27828070003259A1 /* Model */,
				1CE8427B2782806C003259A1 /* ViewModel */,
				1CE84289278281A5003259A1 /* Login */,
				1CE842882782818A003259A1 /* Post */,
				1CE8428A278281BC003259A1 /* Comment */,
			);
			path = Sources;
			sourceTree = "<group>";
		};
		1CE8427F27828085003259A1 /* Supporting Files */ = {
			isa = PBXGroup;
			children = (
				1CE8427427827F0F003259A1 /* Info.plist */,
			);
			path = "Supporting Files";
			sourceTree = "<group>";
		};
		1CE842882782818A003259A1 /* Post */ = {
			isa = PBXGroup;
			children = (
				1CC9A70A2785DCA400914655 /* Controllers */,
				1CC9A7072785DC5C00914655 /* Views */,
			);
			path = Post;
			sourceTree = "<group>";
		};
		1CE84289278281A5003259A1 /* Login */ = {
			isa = PBXGroup;
			children = (
				1CC9A7092785DC9C00914655 /* Controllers */,
				1CE8427A27828054003259A1 /* Views */,
			);
			path = Login;
			sourceTree = "<group>";
		};
		1CE8428A278281BC003259A1 /* Comment */ = {
			isa = PBXGroup;
			children = (
				1CC9A70B2785DCAB00914655 /* Controllers */,
				1CC9A7082785DC7000914655 /* Views */,
			);
			path = Comment;
			sourceTree = "<group>";
		};
		1CE842942782839C003259A1 /* Service */ = {
			isa = PBXGroup;
			children = (
				1CE8428E27828225003259A1 /* APIService.swift */,
			);
			path = Service;
			sourceTree = "<group>";
		};
		1CE84295278283A4003259A1 /* Extension */ = {
			isa = PBXGroup;
			children = (
				1CE84296278283EC003259A1 /* UIImage++Extension.swift */,
				1CE842D42783EB74003259A1 /* UITextField++Extension.swift */,
				1CE842982782844C003259A1 /* UIColor++Extension.swift */,
			);
			path = Extension;
			sourceTree = "<group>";
		};
		22C4B20C4A82C9C790D8EC6A /* Frameworks */ = {
			isa = PBXGroup;
			children = (
				04481C657972D5685A994BD4 /* Pods_SproutFARM.framework */,
			);
			name = Frameworks;
			sourceTree = "<group>";
		};
		DE6F56EAEEFC12092F1C8951 /* Pods */ = {
			isa = PBXGroup;
			children = (
				C502733EC129971EC4D74F0C /* Pods-SproutFARM.debug.xcconfig */,
				072FC6C0C521A503732A7F06 /* Pods-SproutFARM.release.xcconfig */,
			);
			path = Pods;
			sourceTree = "<group>";
		};
/* End PBXGroup section */

/* Begin PBXNativeTarget section */
		1CE8426227827F0E003259A1 /* SproutFARM */ = {
			isa = PBXNativeTarget;
			buildConfigurationList = 1CE8427727827F0F003259A1 /* Build configuration list for PBXNativeTarget "SproutFARM" */;
			buildPhases = (
				0DE808B3A7B07B4CEA20706A /* [CP] Check Pods Manifest.lock */,
				1CE8425F27827F0E003259A1 /* Sources */,
				1CE8426027827F0E003259A1 /* Frameworks */,
				1CE8426127827F0E003259A1 /* Resources */,
				CB7FFE9FC38DF312EFFD5A87 /* [CP] Embed Pods Frameworks */,
			);
			buildRules = (
			);
			dependencies = (
			);
			name = SproutFARM;
			packageProductDependencies = (
				1CE8429B27828672003259A1 /* SnapKit */,
			);
			productName = SproutFARM;
			productReference = 1CE8426327827F0E003259A1 /* SproutFARM.app */;
			productType = "com.apple.product-type.application";
		};
/* End PBXNativeTarget section */

/* Begin PBXProject section */
		1CE8425B27827F0E003259A1 /* Project object */ = {
			isa = PBXProject;
			attributes = {
				BuildIndependentTargetsInParallel = 1;
				LastSwiftUpdateCheck = 1320;
				LastUpgradeCheck = 1320;
				TargetAttributes = {
					1CE8426227827F0E003259A1 = {
						CreatedOnToolsVersion = 13.2.1;
					};
				};
			};
			buildConfigurationList = 1CE8425E27827F0E003259A1 /* Build configuration list for PBXProject "SproutFARM" */;
			compatibilityVersion = "Xcode 13.0";
			developmentRegion = en;
			hasScannedForEncodings = 0;
			knownRegions = (
				en,
				Base,
			);
			mainGroup = 1CE8425A27827F0E003259A1;
			packageReferences = (
				1CE8429A27828672003259A1 /* XCRemoteSwiftPackageReference "SnapKit" */,
			);
			productRefGroup = 1CE8426427827F0E003259A1 /* Products */;
			projectDirPath = "";
			projectRoot = "";
			targets = (
				1CE8426227827F0E003259A1 /* SproutFARM */,
			);
		};
/* End PBXProject section */

/* Begin PBXResourcesBuildPhase section */
		1CE8426127827F0E003259A1 /* Resources */ = {
			isa = PBXResourcesBuildPhase;
			buildActionMask = 2147483647;
			files = (
				1CE8427327827F0F003259A1 /* LaunchScreen.storyboard in Resources */,
				1CE8427027827F0F003259A1 /* Assets.xcassets in Resources */,
			);
			runOnlyForDeploymentPostprocessing = 0;
		};
/* End PBXResourcesBuildPhase section */

/* Begin PBXShellScriptBuildPhase section */
		0DE808B3A7B07B4CEA20706A /* [CP] Check Pods Manifest.lock */ = {
			isa = PBXShellScriptBuildPhase;
			buildActionMask = 2147483647;
			files = (
			);
			inputFileListPaths = (
			);
			inputPaths = (
				"${PODS_PODFILE_DIR_PATH}/Podfile.lock",
				"${PODS_ROOT}/Manifest.lock",
			);
			name = "[CP] Check Pods Manifest.lock";
			outputFileListPaths = (
			);
			outputPaths = (
				"$(DERIVED_FILE_DIR)/Pods-SproutFARM-checkManifestLockResult.txt",
			);
			runOnlyForDeploymentPostprocessing = 0;
			shellPath = /bin/sh;
			shellScript = "diff \"${PODS_PODFILE_DIR_PATH}/Podfile.lock\" \"${PODS_ROOT}/Manifest.lock\" > /dev/null\nif [ $? != 0 ] ; then\n    # print error to STDERR\n    echo \"error: The sandbox is not in sync with the Podfile.lock. Run 'pod install' or update your CocoaPods installation.\" >&2\n    exit 1\nfi\n# This output is used by Xcode 'outputs' to avoid re-running this script phase.\necho \"SUCCESS\" > \"${SCRIPT_OUTPUT_FILE_0}\"\n";
			showEnvVarsInLog = 0;
		};
		CB7FFE9FC38DF312EFFD5A87 /* [CP] Embed Pods Frameworks */ = {
			isa = PBXShellScriptBuildPhase;
			buildActionMask = 2147483647;
			files = (
			);
			inputFileListPaths = (
				"${PODS_ROOT}/Target Support Files/Pods-SproutFARM/Pods-SproutFARM-frameworks-${CONFIGURATION}-input-files.xcfilelist",
			);
			name = "[CP] Embed Pods Frameworks";
			outputFileListPaths = (
				"${PODS_ROOT}/Target Support Files/Pods-SproutFARM/Pods-SproutFARM-frameworks-${CONFIGURATION}-output-files.xcfilelist",
			);
			runOnlyForDeploymentPostprocessing = 0;
			shellPath = /bin/sh;
			shellScript = "\"${PODS_ROOT}/Target Support Files/Pods-SproutFARM/Pods-SproutFARM-frameworks.sh\"\n";
			showEnvVarsInLog = 0;
		};
/* End PBXShellScriptBuildPhase section */

/* Begin PBXSourcesBuildPhase section */
		1CE8425F27827F0E003259A1 /* Sources */ = {
			isa = PBXSourcesBuildPhase;
			buildActionMask = 2147483647;
			files = (
				1CE8428727828186003259A1 /* PostListViewController.swift in Sources */,
				1CE842992782844C003259A1 /* UIColor++Extension.swift in Sources */,
				1CE8426B27827F0E003259A1 /* LoginViewController.swift in Sources */,
				1CC9A7032785C62200914655 /* ProfileCell.swift in Sources */,
				1C58C7D227842B4C00CC3F50 /* DetailPostView.swift in Sources */,
				1CC9A7052785C9D200914655 /* CommentListCell.swift in Sources */,
				1CE842932782829B003259A1 /* BaseViewController.swift in Sources */,
				1CE84297278283EC003259A1 /* UIImage++Extension.swift in Sources */,
				1CE8428C278281C7003259A1 /* EditCommentViewController.swift in Sources */,
				1CE842D12783E69B003259A1 /* RegisterView.swift in Sources */,
				1CE8426727827F0E003259A1 /* AppDelegate.swift in Sources */,
				1C58C7D627842CE200CC3F50 /* PostListCommentCell.swift in Sources */,
				1CE842CF2783E4FB003259A1 /* IntroView.swift in Sources */,
				1CE8426927827F0E003259A1 /* SceneDelegate.swift in Sources */,
				1CE842912782827D003259A1 /* IntroViewController.swift in Sources */,
				1CE84281278280DE003259A1 /* RegisterViewController.swift in Sources */,
				1CE8428327828179003259A1 /* PostViewController.swift in Sources */,
				1CE842D52783EB74003259A1 /* UITextField++Extension.swift in Sources */,
				1CE8428F27828225003259A1 /* APIService.swift in Sources */,
				1CE842D32783E6A2003259A1 /* LoginView.swift in Sources */,
				1C58C7D027842B3500CC3F50 /* PostListCell.swift in Sources */,
				1C58C7D427842B5A00CC3F50 /* PostView.swift in Sources */,
				1CE8428527828180003259A1 /* DetailPostViewController.swift in Sources */,
			);
			runOnlyForDeploymentPostprocessing = 0;
		};
/* End PBXSourcesBuildPhase section */

/* Begin PBXVariantGroup section */
		1CE8427127827F0F003259A1 /* LaunchScreen.storyboard */ = {
			isa = PBXVariantGroup;
			children = (
				1CE8427227827F0F003259A1 /* Base */,
			);
			name = LaunchScreen.storyboard;
			sourceTree = "<group>";
		};
/* End PBXVariantGroup section */

/* Begin XCBuildConfiguration section */
		1CE8427527827F0F003259A1 /* Debug */ = {
			isa = XCBuildConfiguration;
			buildSettings = {
				ALWAYS_SEARCH_USER_PATHS = NO;
				CLANG_ANALYZER_NONNULL = YES;
				CLANG_ANALYZER_NUMBER_OBJECT_CONVERSION = YES_AGGRESSIVE;
				CLANG_CXX_LANGUAGE_STANDARD = "gnu++17";
				CLANG_CXX_LIBRARY = "libc++";
				CLANG_ENABLE_MODULES = YES;
				CLANG_ENABLE_OBJC_ARC = YES;
				CLANG_ENABLE_OBJC_WEAK = YES;
				CLANG_WARN_BLOCK_CAPTURE_AUTORELEASING = YES;
				CLANG_WARN_BOOL_CONVERSION = YES;
				CLANG_WARN_COMMA = YES;
				CLANG_WARN_CONSTANT_CONVERSION = YES;
				CLANG_WARN_DEPRECATED_OBJC_IMPLEMENTATIONS = YES;
				CLANG_WARN_DIRECT_OBJC_ISA_USAGE = YES_ERROR;
				CLANG_WARN_DOCUMENTATION_COMMENTS = YES;
				CLANG_WARN_EMPTY_BODY = YES;
				CLANG_WARN_ENUM_CONVERSION = YES;
				CLANG_WARN_INFINITE_RECURSION = YES;
				CLANG_WARN_INT_CONVERSION = YES;
				CLANG_WARN_NON_LITERAL_NULL_CONVERSION = YES;
				CLANG_WARN_OBJC_IMPLICIT_RETAIN_SELF = YES;
				CLANG_WARN_OBJC_LITERAL_CONVERSION = YES;
				CLANG_WARN_OBJC_ROOT_CLASS = YES_ERROR;
				CLANG_WARN_QUOTED_INCLUDE_IN_FRAMEWORK_HEADER = YES;
				CLANG_WARN_RANGE_LOOP_ANALYSIS = YES;
				CLANG_WARN_STRICT_PROTOTYPES = YES;
				CLANG_WARN_SUSPICIOUS_MOVE = YES;
				CLANG_WARN_UNGUARDED_AVAILABILITY = YES_AGGRESSIVE;
				CLANG_WARN_UNREACHABLE_CODE = YES;
				CLANG_WARN__DUPLICATE_METHOD_MATCH = YES;
				COPY_PHASE_STRIP = NO;
				DEBUG_INFORMATION_FORMAT = dwarf;
				ENABLE_STRICT_OBJC_MSGSEND = YES;
				ENABLE_TESTABILITY = YES;
				GCC_C_LANGUAGE_STANDARD = gnu11;
				GCC_DYNAMIC_NO_PIC = NO;
				GCC_NO_COMMON_BLOCKS = YES;
				GCC_OPTIMIZATION_LEVEL = 0;
				GCC_PREPROCESSOR_DEFINITIONS = (
					"DEBUG=1",
					"$(inherited)",
				);
				GCC_WARN_64_TO_32_BIT_CONVERSION = YES;
				GCC_WARN_ABOUT_RETURN_TYPE = YES_ERROR;
				GCC_WARN_UNDECLARED_SELECTOR = YES;
				GCC_WARN_UNINITIALIZED_AUTOS = YES_AGGRESSIVE;
				GCC_WARN_UNUSED_FUNCTION = YES;
				GCC_WARN_UNUSED_VARIABLE = YES;
				IPHONEOS_DEPLOYMENT_TARGET = 15.2;
				MTL_ENABLE_DEBUG_INFO = INCLUDE_SOURCE;
				MTL_FAST_MATH = YES;
				ONLY_ACTIVE_ARCH = YES;
				SDKROOT = iphoneos;
				SWIFT_ACTIVE_COMPILATION_CONDITIONS = DEBUG;
				SWIFT_OPTIMIZATION_LEVEL = "-Onone";
			};
			name = Debug;
		};
		1CE8427627827F0F003259A1 /* Release */ = {
			isa = XCBuildConfiguration;
			buildSettings = {
				ALWAYS_SEARCH_USER_PATHS = NO;
				CLANG_ANALYZER_NONNULL = YES;
				CLANG_ANALYZER_NUMBER_OBJECT_CONVERSION = YES_AGGRESSIVE;
				CLANG_CXX_LANGUAGE_STANDARD = "gnu++17";
				CLANG_CXX_LIBRARY = "libc++";
				CLANG_ENABLE_MODULES = YES;
				CLANG_ENABLE_OBJC_ARC = YES;
				CLANG_ENABLE_OBJC_WEAK = YES;
				CLANG_WARN_BLOCK_CAPTURE_AUTORELEASING = YES;
				CLANG_WARN_BOOL_CONVERSION = YES;
				CLANG_WARN_COMMA = YES;
				CLANG_WARN_CONSTANT_CONVERSION = YES;
				CLANG_WARN_DEPRECATED_OBJC_IMPLEMENTATIONS = YES;
				CLANG_WARN_DIRECT_OBJC_ISA_USAGE = YES_ERROR;
				CLANG_WARN_DOCUMENTATION_COMMENTS = YES;
				CLANG_WARN_EMPTY_BODY = YES;
				CLANG_WARN_ENUM_CONVERSION = YES;
				CLANG_WARN_INFINITE_RECURSION = YES;
				CLANG_WARN_INT_CONVERSION = YES;
				CLANG_WARN_NON_LITERAL_NULL_CONVERSION = YES;
				CLANG_WARN_OBJC_IMPLICIT_RETAIN_SELF = YES;
				CLANG_WARN_OBJC_LITERAL_CONVERSION = YES;
				CLANG_WARN_OBJC_ROOT_CLASS = YES_ERROR;
				CLANG_WARN_QUOTED_INCLUDE_IN_FRAMEWORK_HEADER = YES;
				CLANG_WARN_RANGE_LOOP_ANALYSIS = YES;
				CLANG_WARN_STRICT_PROTOTYPES = YES;
				CLANG_WARN_SUSPICIOUS_MOVE = YES;
				CLANG_WARN_UNGUARDED_AVAILABILITY = YES_AGGRESSIVE;
				CLANG_WARN_UNREACHABLE_CODE = YES;
				CLANG_WARN__DUPLICATE_METHOD_MATCH = YES;
				COPY_PHASE_STRIP = NO;
				DEBUG_INFORMATION_FORMAT = "dwarf-with-dsym";
				ENABLE_NS_ASSERTIONS = NO;
				ENABLE_STRICT_OBJC_MSGSEND = YES;
				GCC_C_LANGUAGE_STANDARD = gnu11;
				GCC_NO_COMMON_BLOCKS = YES;
				GCC_WARN_64_TO_32_BIT_CONVERSION = YES;
				GCC_WARN_ABOUT_RETURN_TYPE = YES_ERROR;
				GCC_WARN_UNDECLARED_SELECTOR = YES;
				GCC_WARN_UNINITIALIZED_AUTOS = YES_AGGRESSIVE;
				GCC_WARN_UNUSED_FUNCTION = YES;
				GCC_WARN_UNUSED_VARIABLE = YES;
				IPHONEOS_DEPLOYMENT_TARGET = 15.2;
				MTL_ENABLE_DEBUG_INFO = NO;
				MTL_FAST_MATH = YES;
				SDKROOT = iphoneos;
				SWIFT_COMPILATION_MODE = wholemodule;
				SWIFT_OPTIMIZATION_LEVEL = "-O";
				VALIDATE_PRODUCT = YES;
			};
			name = Release;
		};
		1CE8427827827F0F003259A1 /* Debug */ = {
			isa = XCBuildConfiguration;
			baseConfigurationReference = C502733EC129971EC4D74F0C /* Pods-SproutFARM.debug.xcconfig */;
			buildSettings = {
				ASSETCATALOG_COMPILER_APPICON_NAME = AppIcon;
				ASSETCATALOG_COMPILER_GLOBAL_ACCENT_COLOR_NAME = AccentColor;
				CODE_SIGN_STYLE = Automatic;
				CURRENT_PROJECT_VERSION = 1;
				DEVELOPMENT_TEAM = 5LZNHGFB8C;
				GENERATE_INFOPLIST_FILE = YES;
				INFOPLIST_FILE = "SproutFARM/Supporting Files/Info.plist";
				INFOPLIST_KEY_UIApplicationSupportsIndirectInputEvents = YES;
				INFOPLIST_KEY_UILaunchStoryboardName = LaunchScreen;
				INFOPLIST_KEY_UISupportedInterfaceOrientations_iPad = "UIInterfaceOrientationPortrait UIInterfaceOrientationPortraitUpsideDown UIInterfaceOrientationLandscapeLeft UIInterfaceOrientationLandscapeRight";
				INFOPLIST_KEY_UISupportedInterfaceOrientations_iPhone = "UIInterfaceOrientationPortrait UIInterfaceOrientationLandscapeLeft UIInterfaceOrientationLandscapeRight";
				LD_RUNPATH_SEARCH_PATHS = (
					"$(inherited)",
					"@executable_path/Frameworks",
				);
				MARKETING_VERSION = 1.0;
				PRODUCT_BUNDLE_IDENTIFIER = KEEN.SproutFARM;
				PRODUCT_NAME = "$(TARGET_NAME)";
				SWIFT_EMIT_LOC_STRINGS = YES;
				SWIFT_VERSION = 5.0;
				TARGETED_DEVICE_FAMILY = 1;
			};
			name = Debug;
		};
		1CE8427927827F0F003259A1 /* Release */ = {
			isa = XCBuildConfiguration;
			baseConfigurationReference = 072FC6C0C521A503732A7F06 /* Pods-SproutFARM.release.xcconfig */;
			buildSettings = {
				ASSETCATALOG_COMPILER_APPICON_NAME = AppIcon;
				ASSETCATALOG_COMPILER_GLOBAL_ACCENT_COLOR_NAME = AccentColor;
				CODE_SIGN_STYLE = Automatic;
				CURRENT_PROJECT_VERSION = 1;
				DEVELOPMENT_TEAM = 5LZNHGFB8C;
				GENERATE_INFOPLIST_FILE = YES;
				INFOPLIST_FILE = "SproutFARM/Supporting Files/Info.plist";
				INFOPLIST_KEY_UIApplicationSupportsIndirectInputEvents = YES;
				INFOPLIST_KEY_UILaunchStoryboardName = LaunchScreen;
				INFOPLIST_KEY_UISupportedInterfaceOrientations_iPad = "UIInterfaceOrientationPortrait UIInterfaceOrientationPortraitUpsideDown UIInterfaceOrientationLandscapeLeft UIInterfaceOrientationLandscapeRight";
				INFOPLIST_KEY_UISupportedInterfaceOrientations_iPhone = "UIInterfaceOrientationPortrait UIInterfaceOrientationLandscapeLeft UIInterfaceOrientationLandscapeRight";
				LD_RUNPATH_SEARCH_PATHS = (
					"$(inherited)",
					"@executable_path/Frameworks",
				);
				MARKETING_VERSION = 1.0;
				PRODUCT_BUNDLE_IDENTIFIER = KEEN.SproutFARM;
				PRODUCT_NAME = "$(TARGET_NAME)";
				SWIFT_EMIT_LOC_STRINGS = YES;
				SWIFT_VERSION = 5.0;
				TARGETED_DEVICE_FAMILY = 1;
			};
			name = Release;
		};
/* End XCBuildConfiguration section */

/* Begin XCConfigurationList section */
		1CE8425E27827F0E003259A1 /* Build configuration list for PBXProject "SproutFARM" */ = {
			isa = XCConfigurationList;
			buildConfigurations = (
				1CE8427527827F0F003259A1 /* Debug */,
				1CE8427627827F0F003259A1 /* Release */,
			);
			defaultConfigurationIsVisible = 0;
			defaultConfigurationName = Release;
		};
		1CE8427727827F0F003259A1 /* Build configuration list for PBXNativeTarget "SproutFARM" */ = {
			isa = XCConfigurationList;
			buildConfigurations = (
				1CE8427827827F0F003259A1 /* Debug */,
				1CE8427927827F0F003259A1 /* Release */,
			);
			defaultConfigurationIsVisible = 0;
			defaultConfigurationName = Release;
		};
/* End XCConfigurationList section */

/* Begin XCRemoteSwiftPackageReference section */
		1CE8429A27828672003259A1 /* XCRemoteSwiftPackageReference "SnapKit" */ = {
			isa = XCRemoteSwiftPackageReference;
			repositoryURL = "https://github.com/SnapKit/SnapKit.git";
			requirement = {
				kind = upToNextMajorVersion;
				minimumVersion = 5.0.0;
			};
		};
/* End XCRemoteSwiftPackageReference section */

/* Begin XCSwiftPackageProductDependency section */
		1CE8429B27828672003259A1 /* SnapKit */ = {
			isa = XCSwiftPackageProductDependency;
			package = 1CE8429A27828672003259A1 /* XCRemoteSwiftPackageReference "SnapKit" */;
			productName = SnapKit;
		};
/* End XCSwiftPackageProductDependency section */
	};
	rootObject = 1CE8425B27827F0E003259A1 /* Project object */;
}
